
Microsoft Visual Studio Solution File, Format Version 12.00
# Visual Studio 15
VisualStudioVersion = 15.0.28010.2036
MinimumVisualStudioVersion = 10.0.40219.1
Project("{FAE04EC0-301F-11D3-BF4B-00C04F79EFBC}") = "300760821(Logvynenko)_Lab1", "300760821(Logvynenko)_Lab1\300760821(Logvynenko)_Lab1.csproj", "{865E402A-3A50-47D0-9C60-374EEFDA3B29}"
EndProject
Global
	GlobalSection(SolutionConfigurationPlatforms) = preSolution
		Debug|Any CPU = Debug|Any CPU
		Release|Any CPU = Release|Any CPU
	EndGlobalSection
	GlobalSection(ProjectConfigurationPlatforms) = postSolution
		{865E402A-3A50-47D0-9C60-374EEFDA3B29}.Debug|Any CPU.ActiveCfg = Debug|Any CPU
		{865E402A-3A50-47D0-9C60-374EEFDA3B29}.Debug|Any CPU.Build.0 = Debug|Any CPU
		{865E402A-3A50-47D0-9C60-374EEFDA3B29}.Release|Any CPU.ActiveCfg = Release|Any CPU
		{865E402A-3A50-47D0-9C60-374EEFDA3B29}.Release|Any CPU.Build.0 = Release|Any CPU
	EndGlobalSection
	GlobalSection(SolutionProperties) = preSolution
		HideSolutionNode = FALSE
	EndGlobalSection
	GlobalSection(ExtensibilityGlobals) = postSolution
		SolutionGuid = {C7EA4E9E-D1E9-447C-97DC-F576F4889230}
	EndGlobalSection
EndGlobal
